
Microsoft Visual Studio Solution File, Format Version 12.00
# Visual Studio 15
VisualStudioVersion = 15.0.28307.136
MinimumVisualStudioVersion = 10.0.40219.1
Project("{FAE04EC0-301F-11D3-BF4B-00C04F79EFBC}") = "TrabalhoPCMenu", "TrabalhoPCMenu\TrabalhoPCMenu.csproj", "{D32FE4DB-97EA-40E5-8811-B98D672BFB33}"
EndProject
Global
	GlobalSection(SolutionConfigurationPlatforms) = preSolution
		Debug|Any CPU = Debug|Any CPU
		Release|Any CPU = Release|Any CPU
	EndGlobalSection
	GlobalSection(ProjectConfigurationPlatforms) = postSolution
		{D32FE4DB-97EA-40E5-8811-B98D672BFB33}.Debug|Any CPU.ActiveCfg = Debug|Any CPU
		{D32FE4DB-97EA-40E5-8811-B98D672BFB33}.Debug|Any CPU.Build.0 = Debug|Any CPU
		{D32FE4DB-97EA-40E5-8811-B98D672BFB33}.Release|Any CPU.ActiveCfg = Release|Any CPU
		{D32FE4DB-97EA-40E5-8811-B98D672BFB33}.Release|Any CPU.Build.0 = Release|Any CPU
	EndGlobalSection
	GlobalSection(SolutionProperties) = preSolution
		HideSolutionNode = FALSE
	EndGlobalSection
	GlobalSection(ExtensibilityGlobals) = postSolution
		SolutionGuid = {6D6A42B1-1C58-4EFF-AA5D-CE6A4929509E}
	EndGlobalSection
EndGlobal
